// !$*UTF8*$!
{
	archiveVersion = 1;
	classes = {
	};
	objectVersion = 50;
	objects = {

/* Begin PBXBuildFile section */
		27203CCE9F56913B8288B660 /* Pods_Proj.framework in Frameworks */ = {isa = PBXBuildFile; fileRef = 65FF5373672A27F70D3EBB6C /* Pods_Proj.framework */; };
		A1A1407E9D737C33FB41F4F0 /* Pods_ProjUITests.framework in Frameworks */ = {isa = PBXBuildFile; fileRef = E0AFF157F2C36DF32C4DE98A /* Pods_ProjUITests.framework */; };
		AC051D90219AF59E001D134A /* AppDelegate.swift in Sources */ = {isa = PBXBuildFile; fileRef = AC051D8F219AF59E001D134A /* AppDelegate.swift */; };
		AC051D92219AF59E001D134A /* ViewController.swift in Sources */ = {isa = PBXBuildFile; fileRef = AC051D91219AF59E001D134A /* ViewController.swift */; };
		AC051D95219AF59E001D134A /* Main.storyboard in Resources */ = {isa = PBXBuildFile; fileRef = AC051D93219AF59E001D134A /* Main.storyboard */; };
		AC051D9A219AF59F001D134A /* LaunchScreen.storyboard in Resources */ = {isa = PBXBuildFile; fileRef = AC051D98219AF59F001D134A /* LaunchScreen.storyboard */; };
		AC051DA5219AF59F001D134A /* ProjTests.swift in Sources */ = {isa = PBXBuildFile; fileRef = AC051DA4219AF59F001D134A /* ProjTests.swift */; };
		AC051DB0219AF59F001D134A /* ProjUITests.swift in Sources */ = {isa = PBXBuildFile; fileRef = AC051DAF219AF59F001D134A /* ProjUITests.swift */; };
		AC11D2E421D92E2900A3F260 /* MyFeedTableViewController.swift in Sources */ = {isa = PBXBuildFile; fileRef = AC11D2E321D92E2900A3F260 /* MyFeedTableViewController.swift */; };
		AC11D2E621D9302B00A3F260 /* MyFeedTableViewCell.swift in Sources */ = {isa = PBXBuildFile; fileRef = AC11D2E521D9302B00A3F260 /* MyFeedTableViewCell.swift */; };
		AC11D2E821D9372F00A3F260 /* libsqlite3.0.tbd in Frameworks */ = {isa = PBXBuildFile; fileRef = AC11D2E721D9372F00A3F260 /* libsqlite3.0.tbd */; };
		AC11D2EB21D938C900A3F260 /* User_Manager_SQL.swift in Sources */ = {isa = PBXBuildFile; fileRef = AC11D2EA21D938C900A3F260 /* User_Manager_SQL.swift */; };
		AC11D2ED21D939A100A3F260 /* FeedSQL.swift in Sources */ = {isa = PBXBuildFile; fileRef = AC11D2EC21D939A100A3F260 /* FeedSQL.swift */; };
		AC11D2EF21D93C9500A3F260 /* LastUpdateDates.swift in Sources */ = {isa = PBXBuildFile; fileRef = AC11D2EE21D93C9500A3F260 /* LastUpdateDates.swift */; };
		AC1279A721B010060023BAA9 /* User_Manager.swift in Sources */ = {isa = PBXBuildFile; fileRef = AC1279A621B010060023BAA9 /* User_Manager.swift */; };
		AC15CBCE21A754D1009BAE3C /* Assets.xcassets in Resources */ = {isa = PBXBuildFile; fileRef = AC15CBCD21A754D0009BAE3C /* Assets.xcassets */; };
		AC1EFBEE21D67787002151DF /* GoogleService-Info.plist in Resources */ = {isa = PBXBuildFile; fileRef = AC1EFBED21D67787002151DF /* GoogleService-Info.plist */; };
		AC1F0A5521B7078600792F83 /* LaunchViewController.swift in Sources */ = {isa = PBXBuildFile; fileRef = AC1F0A5421B7078600792F83 /* LaunchViewController.swift */; };
		AC1F0A6021B721FA00792F83 /* test.storyboard in Resources */ = {isa = PBXBuildFile; fileRef = AC1F0A5F21B721FA00792F83 /* test.storyboard */; };
		AC1F0A6221B7225500792F83 /* Sign.storyboard in Resources */ = {isa = PBXBuildFile; fileRef = AC1F0A6121B7225500792F83 /* Sign.storyboard */; };
		AC2BEABF21A8921300881016 /* SignUpViewController.swift in Sources */ = {isa = PBXBuildFile; fileRef = AC2BEABE21A8921300881016 /* SignUpViewController.swift */; };
		AC2BEAC421A89AEF00881016 /* User.swift in Sources */ = {isa = PBXBuildFile; fileRef = AC2BEAC321A89AEF00881016 /* User.swift */; };
		AC2BEAC621A89B0300881016 /* Feed.swift in Sources */ = {isa = PBXBuildFile; fileRef = AC2BEAC521A89B0300881016 /* Feed.swift */; };
		AC3B546C21C6812400130BA0 /* ProfileViewController.swift in Sources */ = {isa = PBXBuildFile; fileRef = AC3B546B21C6812400130BA0 /* ProfileViewController.swift */; };
		AC3B546E21C6827500130BA0 /* Firebase.swift in Sources */ = {isa = PBXBuildFile; fileRef = AC3B546D21C6827500130BA0 /* Firebase.swift */; };
		AC4AC1BC21DD484F0048B9C9 /* CustomCell.swift in Sources */ = {isa = PBXBuildFile; fileRef = AC4AC1BA21DD484F0048B9C9 /* CustomCell.swift */; };
		AC4AC1BD21DD484F0048B9C9 /* CustomCell.xib in Resources */ = {isa = PBXBuildFile; fileRef = AC4AC1BB21DD484F0048B9C9 /* CustomCell.xib */; };
		AC4AC1BF21DD48650048B9C9 /* FriendsViewController.swift in Sources */ = {isa = PBXBuildFile; fileRef = AC4AC1BE21DD48650048B9C9 /* FriendsViewController.swift */; };
		AC4D668921B463D80042E73B /* LoginViewController.swift in Sources */ = {isa = PBXBuildFile; fileRef = AC4D668821B463D80042E73B /* LoginViewController.swift */; };
		AC773F3D21D8D4920075C9CA /* CreateNewFeedViewController.swift in Sources */ = {isa = PBXBuildFile; fileRef = AC773F3C21D8D4920075C9CA /* CreateNewFeedViewController.swift */; };
		AC773F3F21D8F20A0075C9CA /* EditProfileViewController.swift in Sources */ = {isa = PBXBuildFile; fileRef = AC773F3E21D8F20A0075C9CA /* EditProfileViewController.swift */; };
		C0B77D36CF4C3CD215237F6B /* Pods_ProjTests.framework in Frameworks */ = {isa = PBXBuildFile; fileRef = F3D09BEB95E74CF149C9713D /* Pods_ProjTests.framework */; };
/* End PBXBuildFile section */

/* Begin PBXContainerItemProxy section */
		AC051DA1219AF59F001D134A /* PBXContainerItemProxy */ = {
			isa = PBXContainerItemProxy;
			containerPortal = AC051D84219AF59E001D134A /* Project object */;
			proxyType = 1;
			remoteGlobalIDString = AC051D8B219AF59E001D134A;
			remoteInfo = Proj;
		};
		AC051DAC219AF59F001D134A /* PBXContainerItemProxy */ = {
			isa = PBXContainerItemProxy;
			containerPortal = AC051D84219AF59E001D134A /* Project object */;
			proxyType = 1;
			remoteGlobalIDString = AC051D8B219AF59E001D134A;
			remoteInfo = Proj;
		};
/* End PBXContainerItemProxy section */

/* Begin PBXFileReference section */
		052D0548A5803BCB6789C288 /* Pods-ProjTests.release.xcconfig */ = {isa = PBXFileReference; includeInIndex = 1; lastKnownFileType = text.xcconfig; name = "Pods-ProjTests.release.xcconfig"; path = "Pods/Target Support Files/Pods-ProjTests/Pods-ProjTests.release.xcconfig"; sourceTree = "<group>"; };
		0770F0191E043C1C3DFCCD6B /* Pods-ProjUITests.release.xcconfig */ = {isa = PBXFileReference; includeInIndex = 1; lastKnownFileType = text.xcconfig; name = "Pods-ProjUITests.release.xcconfig"; path = "Pods/Target Support Files/Pods-ProjUITests/Pods-ProjUITests.release.xcconfig"; sourceTree = "<group>"; };
		3CDA15E366A478E3197D0711 /* Pods-ProjTests.debug.xcconfig */ = {isa = PBXFileReference; includeInIndex = 1; lastKnownFileType = text.xcconfig; name = "Pods-ProjTests.debug.xcconfig"; path = "Pods/Target Support Files/Pods-ProjTests/Pods-ProjTests.debug.xcconfig"; sourceTree = "<group>"; };
		65FF5373672A27F70D3EBB6C /* Pods_Proj.framework */ = {isa = PBXFileReference; explicitFileType = wrapper.framework; includeInIndex = 0; path = Pods_Proj.framework; sourceTree = BUILT_PRODUCTS_DIR; };
		9FA1BE3BE2A4862218780F0B /* Pods-Proj.debug.xcconfig */ = {isa = PBXFileReference; includeInIndex = 1; lastKnownFileType = text.xcconfig; name = "Pods-Proj.debug.xcconfig"; path = "Pods/Target Support Files/Pods-Proj/Pods-Proj.debug.xcconfig"; sourceTree = "<group>"; };
		AC051D8C219AF59E001D134A /* Proj.app */ = {isa = PBXFileReference; explicitFileType = wrapper.application; includeInIndex = 0; path = Proj.app; sourceTree = BUILT_PRODUCTS_DIR; };
		AC051D8F219AF59E001D134A /* AppDelegate.swift */ = {isa = PBXFileReference; lastKnownFileType = sourcecode.swift; path = AppDelegate.swift; sourceTree = "<group>"; };
		AC051D91219AF59E001D134A /* ViewController.swift */ = {isa = PBXFileReference; lastKnownFileType = sourcecode.swift; path = ViewController.swift; sourceTree = "<group>"; };
		AC051D94219AF59E001D134A /* Base */ = {isa = PBXFileReference; lastKnownFileType = file.storyboard; name = Base; path = Base.lproj/Main.storyboard; sourceTree = "<group>"; };
		AC051D99219AF59F001D134A /* Base */ = {isa = PBXFileReference; lastKnownFileType = file.storyboard; name = Base; path = Base.lproj/LaunchScreen.storyboard; sourceTree = "<group>"; };
		AC051D9B219AF59F001D134A /* Info.plist */ = {isa = PBXFileReference; lastKnownFileType = text.plist.xml; path = Info.plist; sourceTree = "<group>"; };
		AC051DA0219AF59F001D134A /* ProjTests.xctest */ = {isa = PBXFileReference; explicitFileType = wrapper.cfbundle; includeInIndex = 0; path = ProjTests.xctest; sourceTree = BUILT_PRODUCTS_DIR; };
		AC051DA4219AF59F001D134A /* ProjTests.swift */ = {isa = PBXFileReference; lastKnownFileType = sourcecode.swift; path = ProjTests.swift; sourceTree = "<group>"; };
		AC051DA6219AF59F001D134A /* Info.plist */ = {isa = PBXFileReference; lastKnownFileType = text.plist.xml; path = Info.plist; sourceTree = "<group>"; };
		AC051DAB219AF59F001D134A /* ProjUITests.xctest */ = {isa = PBXFileReference; explicitFileType = wrapper.cfbundle; includeInIndex = 0; path = ProjUITests.xctest; sourceTree = BUILT_PRODUCTS_DIR; };
		AC051DAF219AF59F001D134A /* ProjUITests.swift */ = {isa = PBXFileReference; lastKnownFileType = sourcecode.swift; path = ProjUITests.swift; sourceTree = "<group>"; };
		AC051DB1219AF59F001D134A /* Info.plist */ = {isa = PBXFileReference; lastKnownFileType = text.plist.xml; path = Info.plist; sourceTree = "<group>"; };
		AC11D2E321D92E2900A3F260 /* MyFeedTableViewController.swift */ = {isa = PBXFileReference; lastKnownFileType = sourcecode.swift; path = MyFeedTableViewController.swift; sourceTree = "<group>"; };
		AC11D2E521D9302B00A3F260 /* MyFeedTableViewCell.swift */ = {isa = PBXFileReference; lastKnownFileType = sourcecode.swift; path = MyFeedTableViewCell.swift; sourceTree = "<group>"; };
		AC11D2E721D9372F00A3F260 /* libsqlite3.0.tbd */ = {isa = PBXFileReference; lastKnownFileType = "sourcecode.text-based-dylib-definition"; name = libsqlite3.0.tbd; path = usr/lib/libsqlite3.0.tbd; sourceTree = SDKROOT; };
		AC11D2E921D9377F00A3F260 /* BridgingHeader.h */ = {isa = PBXFileReference; lastKnownFileType = sourcecode.c.h; path = BridgingHeader.h; sourceTree = "<group>"; };
		AC11D2EA21D938C900A3F260 /* User_Manager_SQL.swift */ = {isa = PBXFileReference; lastKnownFileType = sourcecode.swift; path = User_Manager_SQL.swift; sourceTree = "<group>"; };
		AC11D2EC21D939A100A3F260 /* FeedSQL.swift */ = {isa = PBXFileReference; lastKnownFileType = sourcecode.swift; path = FeedSQL.swift; sourceTree = "<group>"; };
		AC11D2EE21D93C9500A3F260 /* LastUpdateDates.swift */ = {isa = PBXFileReference; lastKnownFileType = sourcecode.swift; path = LastUpdateDates.swift; sourceTree = "<group>"; };
		AC1279A621B010060023BAA9 /* User_Manager.swift */ = {isa = PBXFileReference; lastKnownFileType = sourcecode.swift; path = User_Manager.swift; sourceTree = "<group>"; };
		AC15CBCD21A754D0009BAE3C /* Assets.xcassets */ = {isa = PBXFileReference; lastKnownFileType = folder.assetcatalog; path = Assets.xcassets; sourceTree = "<group>"; };
		AC1EFBED21D67787002151DF /* GoogleService-Info.plist */ = {isa = PBXFileReference; fileEncoding = 4; lastKnownFileType = text.plist.xml; path = "GoogleService-Info.plist"; sourceTree = "<group>"; };
		AC1F0A5421B7078600792F83 /* LaunchViewController.swift */ = {isa = PBXFileReference; lastKnownFileType = sourcecode.swift; path = LaunchViewController.swift; sourceTree = "<group>"; };
		AC1F0A5F21B721FA00792F83 /* test.storyboard */ = {isa = PBXFileReference; lastKnownFileType = file.storyboard; path = test.storyboard; sourceTree = "<group>"; };
		AC1F0A6121B7225500792F83 /* Sign.storyboard */ = {isa = PBXFileReference; lastKnownFileType = file.storyboard; path = Sign.storyboard; sourceTree = "<group>"; };
		AC2BEABE21A8921300881016 /* SignUpViewController.swift */ = {isa = PBXFileReference; lastKnownFileType = sourcecode.swift; path = SignUpViewController.swift; sourceTree = "<group>"; };
		AC2BEAC321A89AEF00881016 /* User.swift */ = {isa = PBXFileReference; lastKnownFileType = sourcecode.swift; path = User.swift; sourceTree = "<group>"; };
		AC2BEAC521A89B0300881016 /* Feed.swift */ = {isa = PBXFileReference; lastKnownFileType = sourcecode.swift; path = Feed.swift; sourceTree = "<group>"; };
		AC3B546B21C6812400130BA0 /* ProfileViewController.swift */ = {isa = PBXFileReference; lastKnownFileType = sourcecode.swift; path = ProfileViewController.swift; sourceTree = "<group>"; };
		AC3B546D21C6827500130BA0 /* Firebase.swift */ = {isa = PBXFileReference; lastKnownFileType = sourcecode.swift; path = Firebase.swift; sourceTree = "<group>"; };
		AC4AC1BA21DD484F0048B9C9 /* CustomCell.swift */ = {isa = PBXFileReference; fileEncoding = 4; lastKnownFileType = sourcecode.swift; name = CustomCell.swift; path = ../../../../Downloads/CustomCell.swift; sourceTree = "<group>"; };
		AC4AC1BB21DD484F0048B9C9 /* CustomCell.xib */ = {isa = PBXFileReference; fileEncoding = 4; lastKnownFileType = file.xib; name = CustomCell.xib; path = ../../../../Downloads/CustomCell.xib; sourceTree = "<group>"; };
		AC4AC1BE21DD48650048B9C9 /* FriendsViewController.swift */ = {isa = PBXFileReference; fileEncoding = 4; lastKnownFileType = sourcecode.swift; name = FriendsViewController.swift; path = ../../../../Downloads/FriendsViewController.swift; sourceTree = "<group>"; };
		AC4D668821B463D80042E73B /* LoginViewController.swift */ = {isa = PBXFileReference; lastKnownFileType = sourcecode.swift; path = LoginViewController.swift; sourceTree = "<group>"; };
		AC773F3C21D8D4920075C9CA /* CreateNewFeedViewController.swift */ = {isa = PBXFileReference; lastKnownFileType = sourcecode.swift; path = CreateNewFeedViewController.swift; sourceTree = "<group>"; };
		AC773F3E21D8F20A0075C9CA /* EditProfileViewController.swift */ = {isa = PBXFileReference; lastKnownFileType = sourcecode.swift; path = EditProfileViewController.swift; sourceTree = "<group>"; };
		C0924E57433C37ED2F67E68E /* Pods-ProjUITests.debug.xcconfig */ = {isa = PBXFileReference; includeInIndex = 1; lastKnownFileType = text.xcconfig; name = "Pods-ProjUITests.debug.xcconfig"; path = "Pods/Target Support Files/Pods-ProjUITests/Pods-ProjUITests.debug.xcconfig"; sourceTree = "<group>"; };
		C39CDD0328010C6421835AF2 /* Pods-Proj.release.xcconfig */ = {isa = PBXFileReference; includeInIndex = 1; lastKnownFileType = text.xcconfig; name = "Pods-Proj.release.xcconfig"; path = "Pods/Target Support Files/Pods-Proj/Pods-Proj.release.xcconfig"; sourceTree = "<group>"; };
		E0AFF157F2C36DF32C4DE98A /* Pods_ProjUITests.framework */ = {isa = PBXFileReference; explicitFileType = wrapper.framework; includeInIndex = 0; path = Pods_ProjUITests.framework; sourceTree = BUILT_PRODUCTS_DIR; };
		F3D09BEB95E74CF149C9713D /* Pods_ProjTests.framework */ = {isa = PBXFileReference; explicitFileType = wrapper.framework; includeInIndex = 0; path = Pods_ProjTests.framework; sourceTree = BUILT_PRODUCTS_DIR; };
/* End PBXFileReference section */

/* Begin PBXFrameworksBuildPhase section */
		AC051D89219AF59E001D134A /* Frameworks */ = {
			isa = PBXFrameworksBuildPhase;
			buildActionMask = 2147483647;
			files = (
				AC11D2E821D9372F00A3F260 /* libsqlite3.0.tbd in Frameworks */,
				27203CCE9F56913B8288B660 /* Pods_Proj.framework in Frameworks */,
			);
			runOnlyForDeploymentPostprocessing = 0;
		};
		AC051D9D219AF59F001D134A /* Frameworks */ = {
			isa = PBXFrameworksBuildPhase;
			buildActionMask = 2147483647;
			files = (
				C0B77D36CF4C3CD215237F6B /* Pods_ProjTests.framework in Frameworks */,
			);
			runOnlyForDeploymentPostprocessing = 0;
		};
		AC051DA8219AF59F001D134A /* Frameworks */ = {
			isa = PBXFrameworksBuildPhase;
			buildActionMask = 2147483647;
			files = (
				A1A1407E9D737C33FB41F4F0 /* Pods_ProjUITests.framework in Frameworks */,
			);
			runOnlyForDeploymentPostprocessing = 0;
		};
/* End PBXFrameworksBuildPhase section */

/* Begin PBXGroup section */
		77BB5D782ADE694049BF97F0 /* Pods */ = {
			isa = PBXGroup;
			children = (
				9FA1BE3BE2A4862218780F0B /* Pods-Proj.debug.xcconfig */,
				C39CDD0328010C6421835AF2 /* Pods-Proj.release.xcconfig */,
				3CDA15E366A478E3197D0711 /* Pods-ProjTests.debug.xcconfig */,
				052D0548A5803BCB6789C288 /* Pods-ProjTests.release.xcconfig */,
				C0924E57433C37ED2F67E68E /* Pods-ProjUITests.debug.xcconfig */,
				0770F0191E043C1C3DFCCD6B /* Pods-ProjUITests.release.xcconfig */,
			);
			name = Pods;
			sourceTree = "<group>";
		};
		AC051D83219AF59E001D134A = {
			isa = PBXGroup;
			children = (
				AC051D8E219AF59E001D134A /* Proj */,
				AC051DA3219AF59F001D134A /* ProjTests */,
				AC051DAE219AF59F001D134A /* ProjUITests */,
				AC051D8D219AF59E001D134A /* Products */,
				77BB5D782ADE694049BF97F0 /* Pods */,
				BBB246CE7C7376D0E672CA1B /* Frameworks */,
			);
			sourceTree = "<group>";
		};
		AC051D8D219AF59E001D134A /* Products */ = {
			isa = PBXGroup;
			children = (
				AC051D8C219AF59E001D134A /* Proj.app */,
				AC051DA0219AF59F001D134A /* ProjTests.xctest */,
				AC051DAB219AF59F001D134A /* ProjUITests.xctest */,
			);
			name = Products;
			sourceTree = "<group>";
		};
		AC051D8E219AF59E001D134A /* Proj */ = {
			isa = PBXGroup;
			children = (
				AC1EFBED21D67787002151DF /* GoogleService-Info.plist */,
				AC2BEAC221A89A9700881016 /* Model */,
				AC2BEAC021A89A6300881016 /* ViewController */,
				AC051D8F219AF59E001D134A /* AppDelegate.swift */,
				AC1F0A6121B7225500792F83 /* Sign.storyboard */,
				AC1F0A5F21B721FA00792F83 /* test.storyboard */,
				AC051D93219AF59E001D134A /* Main.storyboard */,
				AC15CBCD21A754D0009BAE3C /* Assets.xcassets */,
				AC051D98219AF59F001D134A /* LaunchScreen.storyboard */,
				AC051D9B219AF59F001D134A /* Info.plist */,
				AC11D2E921D9377F00A3F260 /* BridgingHeader.h */,
			);
			path = Proj;
			sourceTree = "<group>";
		};
		AC051DA3219AF59F001D134A /* ProjTests */ = {
			isa = PBXGroup;
			children = (
				AC051DA4219AF59F001D134A /* ProjTests.swift */,
				AC051DA6219AF59F001D134A /* Info.plist */,
			);
			path = ProjTests;
			sourceTree = "<group>";
		};
		AC051DAE219AF59F001D134A /* ProjUITests */ = {
			isa = PBXGroup;
			children = (
				AC051DAF219AF59F001D134A /* ProjUITests.swift */,
				AC051DB1219AF59F001D134A /* Info.plist */,
			);
			path = ProjUITests;
			sourceTree = "<group>";
		};
		AC2BEAC021A89A6300881016 /* ViewController */ = {
			isa = PBXGroup;
			children = (
				AC4AC1BB21DD484F0048B9C9 /* CustomCell.xib */,
				AC4AC1BA21DD484F0048B9C9 /* CustomCell.swift */,
				AC4AC1BE21DD48650048B9C9 /* FriendsViewController.swift */,
				AC051D91219AF59E001D134A /* ViewController.swift */,
				AC2BEABE21A8921300881016 /* SignUpViewController.swift */,
				AC4D668821B463D80042E73B /* LoginViewController.swift */,
				AC1F0A5421B7078600792F83 /* LaunchViewController.swift */,
				AC3B546B21C6812400130BA0 /* ProfileViewController.swift */,
				AC773F3C21D8D4920075C9CA /* CreateNewFeedViewController.swift */,
				AC773F3E21D8F20A0075C9CA /* EditProfileViewController.swift */,
				AC11D2E321D92E2900A3F260 /* MyFeedTableViewController.swift */,
				AC11D2E521D9302B00A3F260 /* MyFeedTableViewCell.swift */,
			);
			path = ViewController;
			sourceTree = "<group>";
		};
		AC2BEAC221A89A9700881016 /* Model */ = {
			isa = PBXGroup;
			children = (
				AC2BEAC321A89AEF00881016 /* User.swift */,
				AC2BEAC521A89B0300881016 /* Feed.swift */,
				AC1279A621B010060023BAA9 /* User_Manager.swift */,
				AC3B546D21C6827500130BA0 /* Firebase.swift */,
				AC11D2EA21D938C900A3F260 /* User_Manager_SQL.swift */,
				AC11D2EC21D939A100A3F260 /* FeedSQL.swift */,
				AC11D2EE21D93C9500A3F260 /* LastUpdateDates.swift */,
			);
			path = Model;
			sourceTree = "<group>";
		};
		BBB246CE7C7376D0E672CA1B /* Frameworks */ = {
			isa = PBXGroup;
			children = (
				AC11D2E721D9372F00A3F260 /* libsqlite3.0.tbd */,
				65FF5373672A27F70D3EBB6C /* Pods_Proj.framework */,
				F3D09BEB95E74CF149C9713D /* Pods_ProjTests.framework */,
				E0AFF157F2C36DF32C4DE98A /* Pods_ProjUITests.framework */,
			);
			name = Frameworks;
			sourceTree = "<group>";
		};
/* End PBXGroup section */

/* Begin PBXNativeTarget section */
		AC051D8B219AF59E001D134A /* Proj */ = {
			isa = PBXNativeTarget;
			buildConfigurationList = AC051DB4219AF59F001D134A /* Build configuration list for PBXNativeTarget "Proj" */;
			buildPhases = (
				9E1C784A2FD573B97FCF4E25 /* [CP] Check Pods Manifest.lock */,
				AC051D88219AF59E001D134A /* Sources */,
				AC051D89219AF59E001D134A /* Frameworks */,
				AC051D8A219AF59E001D134A /* Resources */,
				F39A770771770842C2B99FF9 /* [CP] Embed Pods Frameworks */,
			);
			buildRules = (
			);
			dependencies = (
			);
			name = Proj;
			productName = Proj;
			productReference = AC051D8C219AF59E001D134A /* Proj.app */;
			productType = "com.apple.product-type.application";
		};
		AC051D9F219AF59F001D134A /* ProjTests */ = {
			isa = PBXNativeTarget;
			buildConfigurationList = AC051DB7219AF59F001D134A /* Build configuration list for PBXNativeTarget "ProjTests" */;
			buildPhases = (
				79D7F45F8E2A4A45F23DB6D2 /* [CP] Check Pods Manifest.lock */,
				AC051D9C219AF59F001D134A /* Sources */,
				AC051D9D219AF59F001D134A /* Frameworks */,
				AC051D9E219AF59F001D134A /* Resources */,
			);
			buildRules = (
			);
			dependencies = (
				AC051DA2219AF59F001D134A /* PBXTargetDependency */,
			);
			name = ProjTests;
			productName = ProjTests;
			productReference = AC051DA0219AF59F001D134A /* ProjTests.xctest */;
			productType = "com.apple.product-type.bundle.unit-test";
		};
		AC051DAA219AF59F001D134A /* ProjUITests */ = {
			isa = PBXNativeTarget;
			buildConfigurationList = AC051DBA219AF59F001D134A /* Build configuration list for PBXNativeTarget "ProjUITests" */;
			buildPhases = (
				BD60394CE303C1E40BAE42AE /* [CP] Check Pods Manifest.lock */,
				AC051DA7219AF59F001D134A /* Sources */,
				AC051DA8219AF59F001D134A /* Frameworks */,
				AC051DA9219AF59F001D134A /* Resources */,
			);
			buildRules = (
			);
			dependencies = (
				AC051DAD219AF59F001D134A /* PBXTargetDependency */,
			);
			name = ProjUITests;
			productName = ProjUITests;
			productReference = AC051DAB219AF59F001D134A /* ProjUITests.xctest */;
			productType = "com.apple.product-type.bundle.ui-testing";
		};
/* End PBXNativeTarget section */

/* Begin PBXProject section */
		AC051D84219AF59E001D134A /* Project object */ = {
			isa = PBXProject;
			attributes = {
				LastSwiftUpdateCheck = 1010;
				LastUpgradeCheck = 1010;
				ORGANIZATIONNAME = Darkidan;
				TargetAttributes = {
					AC051D8B219AF59E001D134A = {
						CreatedOnToolsVersion = 10.1;
					};
					AC051D9F219AF59F001D134A = {
						CreatedOnToolsVersion = 10.1;
						TestTargetID = AC051D8B219AF59E001D134A;
					};
					AC051DAA219AF59F001D134A = {
						CreatedOnToolsVersion = 10.1;
						TestTargetID = AC051D8B219AF59E001D134A;
					};
				};
			};
			buildConfigurationList = AC051D87219AF59E001D134A /* Build configuration list for PBXProject "Proj" */;
			compatibilityVersion = "Xcode 9.3";
			developmentRegion = en;
			hasScannedForEncodings = 0;
			knownRegions = (
				en,
				Base,
			);
			mainGroup = AC051D83219AF59E001D134A;
			productRefGroup = AC051D8D219AF59E001D134A /* Products */;
			projectDirPath = "";
			projectRoot = "";
			targets = (
				AC051D8B219AF59E001D134A /* Proj */,
				AC051D9F219AF59F001D134A /* ProjTests */,
				AC051DAA219AF59F001D134A /* ProjUITests */,
			);
		};
/* End PBXProject section */

/* Begin PBXResourcesBuildPhase section */
		AC051D8A219AF59E001D134A /* Resources */ = {
			isa = PBXResourcesBuildPhase;
			buildActionMask = 2147483647;
			files = (
				AC051D9A219AF59F001D134A /* LaunchScreen.storyboard in Resources */,
				AC1F0A6221B7225500792F83 /* Sign.storyboard in Resources */,
				AC4AC1BD21DD484F0048B9C9 /* CustomCell.xib in Resources */,
				AC15CBCE21A754D1009BAE3C /* Assets.xcassets in Resources */,
				AC1F0A6021B721FA00792F83 /* test.storyboard in Resources */,
				AC051D95219AF59E001D134A /* Main.storyboard in Resources */,
				AC1EFBEE21D67787002151DF /* GoogleService-Info.plist in Resources */,
			);
			runOnlyForDeploymentPostprocessing = 0;
		};
		AC051D9E219AF59F001D134A /* Resources */ = {
			isa = PBXResourcesBuildPhase;
			buildActionMask = 2147483647;
			files = (
			);
			runOnlyForDeploymentPostprocessing = 0;
		};
		AC051DA9219AF59F001D134A /* Resources */ = {
			isa = PBXResourcesBuildPhase;
			buildActionMask = 2147483647;
			files = (
			);
			runOnlyForDeploymentPostprocessing = 0;
		};
/* End PBXResourcesBuildPhase section */

/* Begin PBXShellScriptBuildPhase section */
		79D7F45F8E2A4A45F23DB6D2 /* [CP] Check Pods Manifest.lock */ = {
			isa = PBXShellScriptBuildPhase;
			buildActionMask = 2147483647;
			files = (
			);
			inputFileListPaths = (
			);
			inputPaths = (
				"${PODS_PODFILE_DIR_PATH}/Podfile.lock",
				"${PODS_ROOT}/Manifest.lock",
			);
			name = "[CP] Check Pods Manifest.lock";
			outputFileListPaths = (
			);
			outputPaths = (
				"$(DERIVED_FILE_DIR)/Pods-ProjTests-checkManifestLockResult.txt",
			);
			runOnlyForDeploymentPostprocessing = 0;
			shellPath = /bin/sh;
			shellScript = "diff \"${PODS_PODFILE_DIR_PATH}/Podfile.lock\" \"${PODS_ROOT}/Manifest.lock\" > /dev/null\nif [ $? != 0 ] ; then\n    # print error to STDERR\n    echo \"error: The sandbox is not in sync with the Podfile.lock. Run 'pod install' or update your CocoaPods installation.\" >&2\n    exit 1\nfi\n# This output is used by Xcode 'outputs' to avoid re-running this script phase.\necho \"SUCCESS\" > \"${SCRIPT_OUTPUT_FILE_0}\"\n";
			showEnvVarsInLog = 0;
		};
		9E1C784A2FD573B97FCF4E25 /* [CP] Check Pods Manifest.lock */ = {
			isa = PBXShellScriptBuildPhase;
			buildActionMask = 2147483647;
			files = (
			);
			inputFileListPaths = (
			);
			inputPaths = (
				"${PODS_PODFILE_DIR_PATH}/Podfile.lock",
				"${PODS_ROOT}/Manifest.lock",
			);
			name = "[CP] Check Pods Manifest.lock";
			outputFileListPaths = (
			);
			outputPaths = (
				"$(DERIVED_FILE_DIR)/Pods-Proj-checkManifestLockResult.txt",
			);
			runOnlyForDeploymentPostprocessing = 0;
			shellPath = /bin/sh;
			shellScript = "diff \"${PODS_PODFILE_DIR_PATH}/Podfile.lock\" \"${PODS_ROOT}/Manifest.lock\" > /dev/null\nif [ $? != 0 ] ; then\n    # print error to STDERR\n    echo \"error: The sandbox is not in sync with the Podfile.lock. Run 'pod install' or update your CocoaPods installation.\" >&2\n    exit 1\nfi\n# This output is used by Xcode 'outputs' to avoid re-running this script phase.\necho \"SUCCESS\" > \"${SCRIPT_OUTPUT_FILE_0}\"\n";
			showEnvVarsInLog = 0;
		};
		BD60394CE303C1E40BAE42AE /* [CP] Check Pods Manifest.lock */ = {
			isa = PBXShellScriptBuildPhase;
			buildActionMask = 2147483647;
			files = (
			);
			inputFileListPaths = (
			);
			inputPaths = (
				"${PODS_PODFILE_DIR_PATH}/Podfile.lock",
				"${PODS_ROOT}/Manifest.lock",
			);
			name = "[CP] Check Pods Manifest.lock";
			outputFileListPaths = (
			);
			outputPaths = (
				"$(DERIVED_FILE_DIR)/Pods-ProjUITests-checkManifestLockResult.txt",
			);
			runOnlyForDeploymentPostprocessing = 0;
			shellPath = /bin/sh;
			shellScript = "diff \"${PODS_PODFILE_DIR_PATH}/Podfile.lock\" \"${PODS_ROOT}/Manifest.lock\" > /dev/null\nif [ $? != 0 ] ; then\n    # print error to STDERR\n    echo \"error: The sandbox is not in sync with the Podfile.lock. Run 'pod install' or update your CocoaPods installation.\" >&2\n    exit 1\nfi\n# This output is used by Xcode 'outputs' to avoid re-running this script phase.\necho \"SUCCESS\" > \"${SCRIPT_OUTPUT_FILE_0}\"\n";
			showEnvVarsInLog = 0;
		};
		F39A770771770842C2B99FF9 /* [CP] Embed Pods Frameworks */ = {
			isa = PBXShellScriptBuildPhase;
			buildActionMask = 2147483647;
			files = (
			);
			inputFileListPaths = (
			);
			inputPaths = (
				"${SRCROOT}/Pods/Target Support Files/Pods-Proj/Pods-Proj-frameworks.sh",
				"${BUILT_PRODUCTS_DIR}/GTMSessionFetcher/GTMSessionFetcher.framework",
				"${BUILT_PRODUCTS_DIR}/GoogleUtilities/GoogleUtilities.framework",
				"${BUILT_PRODUCTS_DIR}/leveldb-library/leveldb.framework",
				"${BUILT_PRODUCTS_DIR}/nanopb/nanopb.framework",
			);
			name = "[CP] Embed Pods Frameworks";
			outputFileListPaths = (
			);
			outputPaths = (
				"${TARGET_BUILD_DIR}/${FRAMEWORKS_FOLDER_PATH}/GTMSessionFetcher.framework",
				"${TARGET_BUILD_DIR}/${FRAMEWORKS_FOLDER_PATH}/GoogleUtilities.framework",
				"${TARGET_BUILD_DIR}/${FRAMEWORKS_FOLDER_PATH}/leveldb.framework",
				"${TARGET_BUILD_DIR}/${FRAMEWORKS_FOLDER_PATH}/nanopb.framework",
			);
			runOnlyForDeploymentPostprocessing = 0;
			shellPath = /bin/sh;
			shellScript = "\"${SRCROOT}/Pods/Target Support Files/Pods-Proj/Pods-Proj-frameworks.sh\"\n";
			showEnvVarsInLog = 0;
		};
/* End PBXShellScriptBuildPhase section */

/* Begin PBXSourcesBuildPhase section */
		AC051D88219AF59E001D134A /* Sources */ = {
			isa = PBXSourcesBuildPhase;
			buildActionMask = 2147483647;
			files = (
				AC773F3F21D8F20A0075C9CA /* EditProfileViewController.swift in Sources */,
				AC4D668921B463D80042E73B /* LoginViewController.swift in Sources */,
				AC1279A721B010060023BAA9 /* User_Manager.swift in Sources */,
				AC773F3D21D8D4920075C9CA /* CreateNewFeedViewController.swift in Sources */,
				AC11D2E421D92E2900A3F260 /* MyFeedTableViewController.swift in Sources */,
				AC2BEAC421A89AEF00881016 /* User.swift in Sources */,
				AC2BEAC621A89B0300881016 /* Feed.swift in Sources */,
				AC2BEABF21A8921300881016 /* SignUpViewController.swift in Sources */,
				AC4AC1BC21DD484F0048B9C9 /* CustomCell.swift in Sources */,
				AC11D2EB21D938C900A3F260 /* User_Manager_SQL.swift in Sources */,
				AC3B546E21C6827500130BA0 /* Firebase.swift in Sources */,
				AC3B546C21C6812400130BA0 /* ProfileViewController.swift in Sources */,
				AC051D92219AF59E001D134A /* ViewController.swift in Sources */,
				AC4AC1BF21DD48650048B9C9 /* FriendsViewController.swift in Sources */,
				AC1F0A5521B7078600792F83 /* LaunchViewController.swift in Sources */,
				AC11D2ED21D939A100A3F260 /* FeedSQL.swift in Sources */,
				AC11D2E621D9302B00A3F260 /* MyFeedTableViewCell.swift in Sources */,
				AC11D2EF21D93C9500A3F260 /* LastUpdateDates.swift in Sources */,
				AC051D90219AF59E001D134A /* AppDelegate.swift in Sources */,
			);
			runOnlyForDeploymentPostprocessing = 0;
		};
		AC051D9C219AF59F001D134A /* Sources */ = {
			isa = PBXSourcesBuildPhase;
			buildActionMask = 2147483647;
			files = (
				AC051DA5219AF59F001D134A /* ProjTests.swift in Sources */,
			);
			runOnlyForDeploymentPostprocessing = 0;
		};
		AC051DA7219AF59F001D134A /* Sources */ = {
			isa = PBXSourcesBuildPhase;
			buildActionMask = 2147483647;
			files = (
				AC051DB0219AF59F001D134A /* ProjUITests.swift in Sources */,
			);
			runOnlyForDeploymentPostprocessing = 0;
		};
/* End PBXSourcesBuildPhase section */

/* Begin PBXTargetDependency section */
		AC051DA2219AF59F001D134A /* PBXTargetDependency */ = {
			isa = PBXTargetDependency;
			target = AC051D8B219AF59E001D134A /* Proj */;
			targetProxy = AC051DA1219AF59F001D134A /* PBXContainerItemProxy */;
		};
		AC051DAD219AF59F001D134A /* PBXTargetDependency */ = {
			isa = PBXTargetDependency;
			target = AC051D8B219AF59E001D134A /* Proj */;
			targetProxy = AC051DAC219AF59F001D134A /* PBXContainerItemProxy */;
		};
/* End PBXTargetDependency section */

/* Begin PBXVariantGroup section */
		AC051D93219AF59E001D134A /* Main.storyboard */ = {
			isa = PBXVariantGroup;
			children = (
				AC051D94219AF59E001D134A /* Base */,
			);
			name = Main.storyboard;
			sourceTree = "<group>";
		};
		AC051D98219AF59F001D134A /* LaunchScreen.storyboard */ = {
			isa = PBXVariantGroup;
			children = (
				AC051D99219AF59F001D134A /* Base */,
			);
			name = LaunchScreen.storyboard;
			sourceTree = "<group>";
		};
/* End PBXVariantGroup section */

/* Begin XCBuildConfiguration section */
		AC051DB2219AF59F001D134A /* Debug */ = {
			isa = XCBuildConfiguration;
			buildSettings = {
				ALWAYS_SEARCH_USER_PATHS = NO;
				CLANG_ANALYZER_NONNULL = YES;
				CLANG_ANALYZER_NUMBER_OBJECT_CONVERSION = YES_AGGRESSIVE;
				CLANG_CXX_LANGUAGE_STANDARD = "gnu++14";
				CLANG_CXX_LIBRARY = "libc++";
				CLANG_ENABLE_MODULES = YES;
				CLANG_ENABLE_OBJC_ARC = YES;
				CLANG_ENABLE_OBJC_WEAK = YES;
				CLANG_WARN_BLOCK_CAPTURE_AUTORELEASING = YES;
				CLANG_WARN_BOOL_CONVERSION = YES;
				CLANG_WARN_COMMA = YES;
				CLANG_WARN_CONSTANT_CONVERSION = YES;
				CLANG_WARN_DEPRECATED_OBJC_IMPLEMENTATIONS = YES;
				CLANG_WARN_DIRECT_OBJC_ISA_USAGE = YES_ERROR;
				CLANG_WARN_DOCUMENTATION_COMMENTS = YES;
				CLANG_WARN_EMPTY_BODY = YES;
				CLANG_WARN_ENUM_CONVERSION = YES;
				CLANG_WARN_INFINITE_RECURSION = YES;
				CLANG_WARN_INT_CONVERSION = YES;
				CLANG_WARN_NON_LITERAL_NULL_CONVERSION = YES;
				CLANG_WARN_OBJC_IMPLICIT_RETAIN_SELF = YES;
				CLANG_WARN_OBJC_LITERAL_CONVERSION = YES;
				CLANG_WARN_OBJC_ROOT_CLASS = YES_ERROR;
				CLANG_WARN_RANGE_LOOP_ANALYSIS = YES;
				CLANG_WARN_STRICT_PROTOTYPES = YES;
				CLANG_WARN_SUSPICIOUS_MOVE = YES;
				CLANG_WARN_UNGUARDED_AVAILABILITY = YES_AGGRESSIVE;
				CLANG_WARN_UNREACHABLE_CODE = YES;
				CLANG_WARN__DUPLICATE_METHOD_MATCH = YES;
				CODE_SIGN_IDENTITY = "iPhone Developer";
				COPY_PHASE_STRIP = NO;
				DEBUG_INFORMATION_FORMAT = dwarf;
				ENABLE_STRICT_OBJC_MSGSEND = YES;
				ENABLE_TESTABILITY = YES;
				GCC_C_LANGUAGE_STANDARD = gnu11;
				GCC_DYNAMIC_NO_PIC = NO;
				GCC_NO_COMMON_BLOCKS = YES;
				GCC_OPTIMIZATION_LEVEL = 0;
				GCC_PREPROCESSOR_DEFINITIONS = (
					"DEBUG=1",
					"$(inherited)",
				);
				GCC_WARN_64_TO_32_BIT_CONVERSION = YES;
				GCC_WARN_ABOUT_RETURN_TYPE = YES_ERROR;
				GCC_WARN_UNDECLARED_SELECTOR = YES;
				GCC_WARN_UNINITIALIZED_AUTOS = YES_AGGRESSIVE;
				GCC_WARN_UNUSED_FUNCTION = YES;
				GCC_WARN_UNUSED_VARIABLE = YES;
				IPHONEOS_DEPLOYMENT_TARGET = 12.1;
				MTL_ENABLE_DEBUG_INFO = INCLUDE_SOURCE;
				MTL_FAST_MATH = YES;
				ONLY_ACTIVE_ARCH = YES;
				SDKROOT = iphoneos;
				SWIFT_ACTIVE_COMPILATION_CONDITIONS = DEBUG;
				SWIFT_OPTIMIZATION_LEVEL = "-Onone";
			};
			name = Debug;
		};
		AC051DB3219AF59F001D134A /* Release */ = {
			isa = XCBuildConfiguration;
			buildSettings = {
				ALWAYS_SEARCH_USER_PATHS = NO;
				CLANG_ANALYZER_NONNULL = YES;
				CLANG_ANALYZER_NUMBER_OBJECT_CONVERSION = YES_AGGRESSIVE;
				CLANG_CXX_LANGUAGE_STANDARD = "gnu++14";
				CLANG_CXX_LIBRARY = "libc++";
				CLANG_ENABLE_MODULES = YES;
				CLANG_ENABLE_OBJC_ARC = YES;
				CLANG_ENABLE_OBJC_WEAK = YES;
				CLANG_WARN_BLOCK_CAPTURE_AUTORELEASING = YES;
				CLANG_WARN_BOOL_CONVERSION = YES;
				CLANG_WARN_COMMA = YES;
				CLANG_WARN_CONSTANT_CONVERSION = YES;
				CLANG_WARN_DEPRECATED_OBJC_IMPLEMENTATIONS = YES;
				CLANG_WARN_DIRECT_OBJC_ISA_USAGE = YES_ERROR;
				CLANG_WARN_DOCUMENTATION_COMMENTS = YES;
				CLANG_WARN_EMPTY_BODY = YES;
				CLANG_WARN_ENUM_CONVERSION = YES;
				CLANG_WARN_INFINITE_RECURSION = YES;
				CLANG_WARN_INT_CONVERSION = YES;
				CLANG_WARN_NON_LITERAL_NULL_CONVERSION = YES;
				CLANG_WARN_OBJC_IMPLICIT_RETAIN_SELF = YES;
				CLANG_WARN_OBJC_LITERAL_CONVERSION = YES;
				CLANG_WARN_OBJC_ROOT_CLASS = YES_ERROR;
				CLANG_WARN_RANGE_LOOP_ANALYSIS = YES;
				CLANG_WARN_STRICT_PROTOTYPES = YES;
				CLANG_WARN_SUSPICIOUS_MOVE = YES;
				CLANG_WARN_UNGUARDED_AVAILABILITY = YES_AGGRESSIVE;
				CLANG_WARN_UNREACHABLE_CODE = YES;
				CLANG_WARN__DUPLICATE_METHOD_MATCH = YES;
				CODE_SIGN_IDENTITY = "iPhone Developer";
				COPY_PHASE_STRIP = NO;
				DEBUG_INFORMATION_FORMAT = "dwarf-with-dsym";
				ENABLE_NS_ASSERTIONS = NO;
				ENABLE_STRICT_OBJC_MSGSEND = YES;
				GCC_C_LANGUAGE_STANDARD = gnu11;
				GCC_NO_COMMON_BLOCKS = YES;
				GCC_WARN_64_TO_32_BIT_CONVERSION = YES;
				GCC_WARN_ABOUT_RETURN_TYPE = YES_ERROR;
				GCC_WARN_UNDECLARED_SELECTOR = YES;
				GCC_WARN_UNINITIALIZED_AUTOS = YES_AGGRESSIVE;
				GCC_WARN_UNUSED_FUNCTION = YES;
				GCC_WARN_UNUSED_VARIABLE = YES;
				IPHONEOS_DEPLOYMENT_TARGET = 12.1;
				MTL_ENABLE_DEBUG_INFO = NO;
				MTL_FAST_MATH = YES;
				SDKROOT = iphoneos;
				SWIFT_COMPILATION_MODE = wholemodule;
				SWIFT_OPTIMIZATION_LEVEL = "-O";
				VALIDATE_PRODUCT = YES;
			};
			name = Release;
		};
		AC051DB5219AF59F001D134A /* Debug */ = {
			isa = XCBuildConfiguration;
			baseConfigurationReference = 9FA1BE3BE2A4862218780F0B /* Pods-Proj.debug.xcconfig */;
			buildSettings = {
				ASSETCATALOG_COMPILER_APPICON_NAME = AppIcon;
				CODE_SIGN_IDENTITY = "iPhone Developer";
				CODE_SIGN_STYLE = Automatic;
				DEVELOPMENT_TEAM = 3C854CZ2G2;
				FRAMEWORK_SEARCH_PATHS = (
					"//:configuration",
					"=",
					DebugFRAMEWORK_SEARCH_PATHS,
					"=",
					"$(inherited)",
					"\"${PODS_CONFIGURATION_BUILD_DIR}/FirebaseAuth\"",
					"\"${PODS_CONFIGURATION_BUILD_DIR}/FirebaseCore\"",
					"\"${PODS_CONFIGURATION_BUILD_DIR}/FirebaseDatabase\"",
					"\"${PODS_CONFIGURATION_BUILD_DIR}/FirebaseStorage\"",
					"\"${PODS_CONFIGURATION_BUILD_DIR}/GTMSessionFetcher\"",
					"\"${PODS_CONFIGURATION_BUILD_DIR}/GoogleUtilities\"",
					"\"${PODS_CONFIGURATION_BUILD_DIR}/leveldb-library\"",
					"\"${PODS_CONFIGURATION_BUILD_DIR}/nanopb\"",
					"\"${PODS_ROOT}/FirebaseAnalytics/Frameworks\"",
					"\"${PODS_ROOT}/FirebaseInstanceID/Frameworks\"",
					"\"${PODS_ROOT}/GoogleAppMeasurement/Frameworks\"//:completeSettings",
					"=",
					"none
",
				);
				INFOPLIST_FILE = Proj/Info.plist;
				LD_RUNPATH_SEARCH_PATHS = (
					"$(inherited)",
					"@executable_path/Frameworks",
				);
				PRODUCT_BUNDLE_IDENTIFIER = Instant.Project;
				PRODUCT_NAME = "$(TARGET_NAME)";
				PROVISIONING_PROFILE_SPECIFIER = "";
				SWIFT_OBJC_BRIDGING_HEADER = Proj/BridgingHeader.h;
				SWIFT_VERSION = 4.2;
				TARGETED_DEVICE_FAMILY = 1;
			};
			name = Debug;
		};
		AC051DB6219AF59F001D134A /* Release */ = {
			isa = XCBuildConfiguration;
			baseConfigurationReference = C39CDD0328010C6421835AF2 /* Pods-Proj.release.xcconfig */;
			buildSettings = {
				ASSETCATALOG_COMPILER_APPICON_NAME = AppIcon;
				CODE_SIGN_IDENTITY = "iPhone Developer";
				CODE_SIGN_STYLE = Automatic;
				DEVELOPMENT_TEAM = 3C854CZ2G2;
				FRAMEWORK_SEARCH_PATHS = (
					"//:configuration",
					"=",
					DebugFRAMEWORK_SEARCH_PATHS,
					"=",
					"$(inherited)",
					"\"${PODS_CONFIGURATION_BUILD_DIR}/FirebaseAuth\"",
					"\"${PODS_CONFIGURATION_BUILD_DIR}/FirebaseCore\"",
					"\"${PODS_CONFIGURATION_BUILD_DIR}/FirebaseDatabase\"",
					"\"${PODS_CONFIGURATION_BUILD_DIR}/FirebaseStorage\"",
					"\"${PODS_CONFIGURATION_BUILD_DIR}/GTMSessionFetcher\"",
					"\"${PODS_CONFIGURATION_BUILD_DIR}/GoogleUtilities\"",
					"\"${PODS_CONFIGURATION_BUILD_DIR}/leveldb-library\"",
					"\"${PODS_CONFIGURATION_BUILD_DIR}/nanopb\"",
					"\"${PODS_ROOT}/FirebaseAnalytics/Frameworks\"",
					"\"${PODS_ROOT}/FirebaseInstanceID/Frameworks\"",
					"\"${PODS_ROOT}/GoogleAppMeasurement/Frameworks\"//:completeSettings",
					"=",
					"none
",
				);
				INFOPLIST_FILE = Proj/Info.plist;
				LD_RUNPATH_SEARCH_PATHS = (
					"$(inherited)",
					"@executable_path/Frameworks",
				);
				PRODUCT_BUNDLE_IDENTIFIER = Instant.Project;
				PRODUCT_NAME = "$(TARGET_NAME)";
				PROVISIONING_PROFILE_SPECIFIER = "";
				SWIFT_OBJC_BRIDGING_HEADER = Proj/BridgingHeader.h;
				SWIFT_VERSION = 4.2;
				TARGETED_DEVICE_FAMILY = 1;
			};
			name = Release;
		};
		AC051DB8219AF59F001D134A /* Debug */ = {
			isa = XCBuildConfiguration;
			baseConfigurationReference = 3CDA15E366A478E3197D0711 /* Pods-ProjTests.debug.xcconfig */;
			buildSettings = {
				ALWAYS_EMBED_SWIFT_STANDARD_LIBRARIES = YES;
				BUNDLE_LOADER = "$(TEST_HOST)";
				CODE_SIGN_STYLE = Automatic;
				INFOPLIST_FILE = ProjTests/Info.plist;
				LD_RUNPATH_SEARCH_PATHS = (
					"$(inherited)",
					"@executable_path/Frameworks",
					"@loader_path/Frameworks",
				);
				PRODUCT_BUNDLE_IDENTIFIER = test.ProjTests;
				PRODUCT_NAME = "$(TARGET_NAME)";
				SWIFT_VERSION = 4.2;
				TARGETED_DEVICE_FAMILY = "1,2";
				TEST_HOST = "$(BUILT_PRODUCTS_DIR)/Proj.app/Proj";
			};
			name = Debug;
		};
		AC051DB9219AF59F001D134A /* Release */ = {
			isa = XCBuildConfiguration;
			baseConfigurationReference = 052D0548A5803BCB6789C288 /* Pods-ProjTests.release.xcconfig */;
			buildSettings = {
				ALWAYS_EMBED_SWIFT_STANDARD_LIBRARIES = YES;
				BUNDLE_LOADER = "$(TEST_HOST)";
				CODE_SIGN_STYLE = Automatic;
				INFOPLIST_FILE = ProjTests/Info.plist;
				LD_RUNPATH_SEARCH_PATHS = (
					"$(inherited)",
					"@executable_path/Frameworks",
					"@loader_path/Frameworks",
				);
				PRODUCT_BUNDLE_IDENTIFIER = test.ProjTests;
				PRODUCT_NAME = "$(TARGET_NAME)";
				SWIFT_VERSION = 4.2;
				TARGETED_DEVICE_FAMILY = "1,2";
				TEST_HOST = "$(BUILT_PRODUCTS_DIR)/Proj.app/Proj";
			};
			name = Release;
		};
		AC051DBB219AF59F001D134A /* Debug */ = {
			isa = XCBuildConfiguration;
			baseConfigurationReference = C0924E57433C37ED2F67E68E /* Pods-ProjUITests.debug.xcconfig */;
			buildSettings = {
				ALWAYS_EMBED_SWIFT_STANDARD_LIBRARIES = YES;
				CODE_SIGN_STYLE = Automatic;
				INFOPLIST_FILE = ProjUITests/Info.plist;
				LD_RUNPATH_SEARCH_PATHS = (
					"$(inherited)",
					"@executable_path/Frameworks",
					"@loader_path/Frameworks",
				);
				PRODUCT_BUNDLE_IDENTIFIER = test.ProjUITests;
				PRODUCT_NAME = "$(TARGET_NAME)";
				SWIFT_VERSION = 4.2;
				TARGETED_DEVICE_FAMILY = "1,2";
				TEST_TARGET_NAME = Proj;
			};
			name = Debug;
		};
		AC051DBC219AF59F001D134A /* Release */ = {
			isa = XCBuildConfiguration;
			baseConfigurationReference = 0770F0191E043C1C3DFCCD6B /* Pods-ProjUITests.release.xcconfig */;
			buildSettings = {
				ALWAYS_EMBED_SWIFT_STANDARD_LIBRARIES = YES;
				CODE_SIGN_STYLE = Automatic;
				INFOPLIST_FILE = ProjUITests/Info.plist;
				LD_RUNPATH_SEARCH_PATHS = (
					"$(inherited)",
					"@executable_path/Frameworks",
					"@loader_path/Frameworks",
				);
				PRODUCT_BUNDLE_IDENTIFIER = test.ProjUITests;
				PRODUCT_NAME = "$(TARGET_NAME)";
				SWIFT_VERSION = 4.2;
				TARGETED_DEVICE_FAMILY = "1,2";
				TEST_TARGET_NAME = Proj;
			};
			name = Release;
		};
/* End XCBuildConfiguration section */

/* Begin XCConfigurationList section */
		AC051D87219AF59E001D134A /* Build configuration list for PBXProject "Proj" */ = {
			isa = XCConfigurationList;
			buildConfigurations = (
				AC051DB2219AF59F001D134A /* Debug */,
				AC051DB3219AF59F001D134A /* Release */,
			);
			defaultConfigurationIsVisible = 0;
			defaultConfigurationName = Release;
		};
		AC051DB4219AF59F001D134A /* Build configuration list for PBXNativeTarget "Proj" */ = {
			isa = XCConfigurationList;
			buildConfigurations = (
				AC051DB5219AF59F001D134A /* Debug */,
				AC051DB6219AF59F001D134A /* Release */,
			);
			defaultConfigurationIsVisible = 0;
			defaultConfigurationName = Release;
		};
		AC051DB7219AF59F001D134A /* Build configuration list for PBXNativeTarget "ProjTests" */ = {
			isa = XCConfigurationList;
			buildConfigurations = (
				AC051DB8219AF59F001D134A /* Debug */,
				AC051DB9219AF59F001D134A /* Release */,
			);
			defaultConfigurationIsVisible = 0;
			defaultConfigurationName = Release;
		};
		AC051DBA219AF59F001D134A /* Build configuration list for PBXNativeTarget "ProjUITests" */ = {
			isa = XCConfigurationList;
			buildConfigurations = (
				AC051DBB219AF59F001D134A /* Debug */,
				AC051DBC219AF59F001D134A /* Release */,
			);
			defaultConfigurationIsVisible = 0;
			defaultConfigurationName = Release;
		};
/* End XCConfigurationList section */
	};
	rootObject = AC051D84219AF59E001D134A /* Project object */;
}
